
Microsoft Visual Studio Solution File, Format Version 12.00
# Visual Studio Version 17
VisualStudioVersion = 17.11.35327.3
MinimumVisualStudioVersion = 10.0.40219.1
Project("{9A19103F-16F7-4668-BE54-9A1E7A4F7556}") = "SteamNewsletter", "SteamNewsletter\SteamNewsletter.csproj", "{53993585-6C13-45E8-9407-6384321F7372}"
EndProject
Project("{FAE04EC0-301F-11D3-BF4B-00C04F79EFBC}") = "SteamNewsletterLib", "SteamNewsletterLib\SteamNewsletterLib.csproj", "{458B5448-A873-477C-AE5F-22B33983645B}"
EndProject
Global
	GlobalSection(SolutionConfigurationPlatforms) = preSolution
		Debug|Any CPU = Debug|Any CPU
		Release|Any CPU = Release|Any CPU
	EndGlobalSection
	GlobalSection(ProjectConfigurationPlatforms) = postSolution
		{53993585-6C13-45E8-9407-6384321F7372}.Debug|Any CPU.ActiveCfg = Debug|Any CPU
		{53993585-6C13-45E8-9407-6384321F7372}.Debug|Any CPU.Build.0 = Debug|Any CPU
		{53993585-6C13-45E8-9407-6384321F7372}.Release|Any CPU.ActiveCfg = Release|Any CPU
		{53993585-6C13-45E8-9407-6384321F7372}.Release|Any CPU.Build.0 = Release|Any CPU
		{458B5448-A873-477C-AE5F-22B33983645B}.Debug|Any CPU.ActiveCfg = Debug|Any CPU
		{458B5448-A873-477C-AE5F-22B33983645B}.Debug|Any CPU.Build.0 = Debug|Any CPU
		{458B5448-A873-477C-AE5F-22B33983645B}.Release|Any CPU.ActiveCfg = Release|Any CPU
		{458B5448-A873-477C-AE5F-22B33983645B}.Release|Any CPU.Build.0 = Release|Any CPU
	EndGlobalSection
	GlobalSection(SolutionProperties) = preSolution
		HideSolutionNode = FALSE
	EndGlobalSection
	GlobalSection(ExtensibilityGlobals) = postSolution
		SolutionGuid = {298C7EAF-6763-4DE3-9216-01086A500D9A}
	EndGlobalSection
EndGlobal
